
Microsoft Visual Studio Solution File, Format Version 12.00
# Visual Studio 2012
VisualStudioVersion = 14.0.23107.0
MinimumVisualStudioVersion = 10.0.40219.1
Project("{2150E333-8FDC-42A3-9474-1A3956D46DE8}") = "src", "src", "{A0F6C07F-188D-4F86-B43F-4A3EAD0D2C30}"
EndProject
Project("{8BB2217D-0F2D-49D1-97BC-3654ED321F3B}") = "Janitor", "src\Janitor\Janitor.xproj", "{BDA03321-C60F-4A32-9D34-882DFEE9C3E7}"
EndProject
Project("{8BB2217D-0F2D-49D1-97BC-3654ED321F3B}") = "Api1", "src\Api1\Api1.xproj", "{E7C440D3-A6E2-4E92-A332-EFEFA8AC4B5C}"
EndProject
Project("{8BB2217D-0F2D-49D1-97BC-3654ED321F3B}") = "MvcClient", "src\MvcClient\MvcClient.xproj", "{8049D943-1BFB-4B3E-9046-67E6267CF5A7}"
EndProject
Project("{8BB2217D-0F2D-49D1-97BC-3654ED321F3B}") = "ConsoleClient", "src\ConsoleClient\ConsoleClient.xproj", "{45C4EBCF-71C3-43ED-B73F-52FD9EE532EB}"
EndProject
Project("{2150E333-8FDC-42A3-9474-1A3956D46DE8}") = "Solution Items", "Solution Items", "{68FE7151-CB27-498E-8FC3-DB0EB76BED8A}"
	ProjectSection(SolutionItems) = preProject
		global.json = global.json
	EndProjectSection
EndProject
Project("{FAE04EC0-301F-11D3-BF4B-00C04F79EFBC}") = "Core", "Core\Core.csproj", "{FB9E026E-BAB3-498A-A954-B93B05C146A5}"
EndProject
Project("{FAE04EC0-301F-11D3-BF4B-00C04F79EFBC}") = "IdentityServer3.AspNetIdentity", "IdentityServer3.AspNetIdentity\IdentityServer3.AspNetIdentity.csproj", "{409B7496-B359-40EB-B92B-733F0B1F0088}"
EndProject
Project("{FAE04EC0-301F-11D3-BF4B-00C04F79EFBC}") = "WsFederationPlugin", "WsFederationPlugin\WsFederationPlugin.csproj", "{4C93CD29-54C0-43CC-BF45-68E0DEC91CAA}"
EndProject
Project("{FAE04EC0-301F-11D3-BF4B-00C04F79EFBC}") = "SelfHost", "SelfHost\SelfHost.csproj", "{F088FAAA-F252-4942-A071-13F267AD4F48}"
EndProject
Project("{FAE04EC0-301F-11D3-BF4B-00C04F79EFBC}") = "Janitor45", "..\Janitor\src\Janitor\Janitor45.csproj", "{35445FB8-1F5E-44A9-B8AB-AE1996421141}"
EndProject
Global
	GlobalSection(SolutionConfigurationPlatforms) = preSolution
		AzureWebSites|Any CPU = AzureWebSites|Any CPU
		Debug|Any CPU = Debug|Any CPU
		Release|Any CPU = Release|Any CPU
	EndGlobalSection
	GlobalSection(ProjectConfigurationPlatforms) = postSolution
		{35445FB8-1F5E-44A9-B8AB-AE1996421141}.AzureWebSites|Any CPU.ActiveCfg = Debug|Any CPU
		{35445FB8-1F5E-44A9-B8AB-AE1996421141}.AzureWebSites|Any CPU.Build.0 = Debug|Any CPU
		{35445FB8-1F5E-44A9-B8AB-AE1996421141}.Debug|Any CPU.ActiveCfg = Debug|Any CPU
		{35445FB8-1F5E-44A9-B8AB-AE1996421141}.Debug|Any CPU.Build.0 = Debug|Any CPU
		{35445FB8-1F5E-44A9-B8AB-AE1996421141}.Release|Any CPU.ActiveCfg = Release|Any CPU
		{35445FB8-1F5E-44A9-B8AB-AE1996421141}.Release|Any CPU.Build.0 = Release|Any CPU
		{409B7496-B359-40EB-B92B-733F0B1F0088}.AzureWebSites|Any CPU.ActiveCfg = AzureWebSites|Any CPU
		{409B7496-B359-40EB-B92B-733F0B1F0088}.AzureWebSites|Any CPU.Build.0 = AzureWebSites|Any CPU
		{409B7496-B359-40EB-B92B-733F0B1F0088}.Debug|Any CPU.ActiveCfg = Debug|Any CPU
		{409B7496-B359-40EB-B92B-733F0B1F0088}.Debug|Any CPU.Build.0 = Debug|Any CPU
		{409B7496-B359-40EB-B92B-733F0B1F0088}.Release|Any CPU.ActiveCfg = Release|Any CPU
		{409B7496-B359-40EB-B92B-733F0B1F0088}.Release|Any CPU.Build.0 = Release|Any CPU
		{45C4EBCF-71C3-43ED-B73F-52FD9EE532EB}.AzureWebSites|Any CPU.ActiveCfg = Release|Any CPU
		{45C4EBCF-71C3-43ED-B73F-52FD9EE532EB}.AzureWebSites|Any CPU.Build.0 = Release|Any CPU
		{45C4EBCF-71C3-43ED-B73F-52FD9EE532EB}.Debug|Any CPU.ActiveCfg = Debug|Any CPU
		{45C4EBCF-71C3-43ED-B73F-52FD9EE532EB}.Debug|Any CPU.Build.0 = Debug|Any CPU
		{45C4EBCF-71C3-43ED-B73F-52FD9EE532EB}.Release|Any CPU.ActiveCfg = Release|Any CPU
		{45C4EBCF-71C3-43ED-B73F-52FD9EE532EB}.Release|Any CPU.Build.0 = Release|Any CPU
		{4C93CD29-54C0-43CC-BF45-68E0DEC91CAA}.AzureWebSites|Any CPU.ActiveCfg = Release|Any CPU
		{4C93CD29-54C0-43CC-BF45-68E0DEC91CAA}.AzureWebSites|Any CPU.Build.0 = Release|Any CPU
		{4C93CD29-54C0-43CC-BF45-68E0DEC91CAA}.Debug|Any CPU.ActiveCfg = Debug|Any CPU
		{4C93CD29-54C0-43CC-BF45-68E0DEC91CAA}.Debug|Any CPU.Build.0 = Debug|Any CPU
		{4C93CD29-54C0-43CC-BF45-68E0DEC91CAA}.Release|Any CPU.ActiveCfg = Release|Any CPU
		{4C93CD29-54C0-43CC-BF45-68E0DEC91CAA}.Release|Any CPU.Build.0 = Release|Any CPU
		{8049D943-1BFB-4B3E-9046-67E6267CF5A7}.AzureWebSites|Any CPU.ActiveCfg = Release|Any CPU
		{8049D943-1BFB-4B3E-9046-67E6267CF5A7}.AzureWebSites|Any CPU.Build.0 = Release|Any CPU
		{8049D943-1BFB-4B3E-9046-67E6267CF5A7}.Debug|Any CPU.ActiveCfg = Debug|Any CPU
		{8049D943-1BFB-4B3E-9046-67E6267CF5A7}.Debug|Any CPU.Build.0 = Debug|Any CPU
		{8049D943-1BFB-4B3E-9046-67E6267CF5A7}.Release|Any CPU.ActiveCfg = Release|Any CPU
		{8049D943-1BFB-4B3E-9046-67E6267CF5A7}.Release|Any CPU.Build.0 = Release|Any CPU
		{BDA03321-C60F-4A32-9D34-882DFEE9C3E7}.AzureWebSites|Any CPU.ActiveCfg = Release|Any CPU
		{BDA03321-C60F-4A32-9D34-882DFEE9C3E7}.AzureWebSites|Any CPU.Build.0 = Release|Any CPU
		{BDA03321-C60F-4A32-9D34-882DFEE9C3E7}.Debug|Any CPU.ActiveCfg = Debug|Any CPU
		{BDA03321-C60F-4A32-9D34-882DFEE9C3E7}.Debug|Any CPU.Build.0 = Debug|Any CPU
		{BDA03321-C60F-4A32-9D34-882DFEE9C3E7}.Release|Any CPU.ActiveCfg = Release|Any CPU
		{BDA03321-C60F-4A32-9D34-882DFEE9C3E7}.Release|Any CPU.Build.0 = Release|Any CPU
		{E7C440D3-A6E2-4E92-A332-EFEFA8AC4B5C}.AzureWebSites|Any CPU.ActiveCfg = Release|Any CPU
		{E7C440D3-A6E2-4E92-A332-EFEFA8AC4B5C}.AzureWebSites|Any CPU.Build.0 = Release|Any CPU
		{E7C440D3-A6E2-4E92-A332-EFEFA8AC4B5C}.Debug|Any CPU.ActiveCfg = Debug|Any CPU
		{E7C440D3-A6E2-4E92-A332-EFEFA8AC4B5C}.Debug|Any CPU.Build.0 = Debug|Any CPU
		{E7C440D3-A6E2-4E92-A332-EFEFA8AC4B5C}.Release|Any CPU.ActiveCfg = Release|Any CPU
		{E7C440D3-A6E2-4E92-A332-EFEFA8AC4B5C}.Release|Any CPU.Build.0 = Release|Any CPU
		{F088FAAA-F252-4942-A071-13F267AD4F48}.AzureWebSites|Any CPU.ActiveCfg = Release|Any CPU
		{F088FAAA-F252-4942-A071-13F267AD4F48}.AzureWebSites|Any CPU.Build.0 = Release|Any CPU
		{F088FAAA-F252-4942-A071-13F267AD4F48}.Debug|Any CPU.ActiveCfg = Debug|Any CPU
		{F088FAAA-F252-4942-A071-13F267AD4F48}.Debug|Any CPU.Build.0 = Debug|Any CPU
		{F088FAAA-F252-4942-A071-13F267AD4F48}.Release|Any CPU.ActiveCfg = Release|Any CPU
		{F088FAAA-F252-4942-A071-13F267AD4F48}.Release|Any CPU.Build.0 = Release|Any CPU
		{FB9E026E-BAB3-498A-A954-B93B05C146A5}.AzureWebSites|Any CPU.ActiveCfg = AzureWebSites|Any CPU
		{FB9E026E-BAB3-498A-A954-B93B05C146A5}.AzureWebSites|Any CPU.Build.0 = AzureWebSites|Any CPU
		{FB9E026E-BAB3-498A-A954-B93B05C146A5}.Debug|Any CPU.ActiveCfg = Debug|Any CPU
		{FB9E026E-BAB3-498A-A954-B93B05C146A5}.Debug|Any CPU.Build.0 = Debug|Any CPU
		{FB9E026E-BAB3-498A-A954-B93B05C146A5}.Release|Any CPU.ActiveCfg = Release|Any CPU
		{FB9E026E-BAB3-498A-A954-B93B05C146A5}.Release|Any CPU.Build.0 = Release|Any CPU
	EndGlobalSection
	GlobalSection(NestedProjects) = preSolution
		{BDA03321-C60F-4A32-9D34-882DFEE9C3E7} = {A0F6C07F-188D-4F86-B43F-4A3EAD0D2C30}
		{E7C440D3-A6E2-4E92-A332-EFEFA8AC4B5C} = {A0F6C07F-188D-4F86-B43F-4A3EAD0D2C30}
		{8049D943-1BFB-4B3E-9046-67E6267CF5A7} = {A0F6C07F-188D-4F86-B43F-4A3EAD0D2C30}
		{45C4EBCF-71C3-43ED-B73F-52FD9EE532EB} = {A0F6C07F-188D-4F86-B43F-4A3EAD0D2C30}
	EndGlobalSection
	GlobalSection(SolutionProperties) = preSolution
		HideSolutionNode = FALSE
	EndGlobalSection
EndGlobal
